
Microsoft Visual Studio Solution File, Format Version 12.00
# Visual Studio Version 16
VisualStudioVersion = 16.0.29911.84
MinimumVisualStudioVersion = 10.0.40219.1
Project("{FAE04EC0-301F-11D3-BF4B-00C04F79EFBC}") = "Testing", "Testing\Testing.csproj", "{399B9D5B-BCF0-4F7F-8C5B-2EA46E096B22}"
EndProject
Project("{FAE04EC0-301F-11D3-BF4B-00C04F79EFBC}") = "CabInvoiceGenerator", "..\CabInvoiceGenerator\CabInvoiceGenerator.csproj", "{6ABC57C5-AFA7-4702-BBE6-1C63C889BDAA}"
EndProject
Global
	GlobalSection(SolutionConfigurationPlatforms) = preSolution
		Debug|Any CPU = Debug|Any CPU
		Release|Any CPU = Release|Any CPU
	EndGlobalSection
	GlobalSection(ProjectConfigurationPlatforms) = postSolution
		{399B9D5B-BCF0-4F7F-8C5B-2EA46E096B22}.Debug|Any CPU.ActiveCfg = Debug|Any CPU
		{399B9D5B-BCF0-4F7F-8C5B-2EA46E096B22}.Debug|Any CPU.Build.0 = Debug|Any CPU
		{399B9D5B-BCF0-4F7F-8C5B-2EA46E096B22}.Release|Any CPU.ActiveCfg = Release|Any CPU
		{399B9D5B-BCF0-4F7F-8C5B-2EA46E096B22}.Release|Any CPU.Build.0 = Release|Any CPU
		{6ABC57C5-AFA7-4702-BBE6-1C63C889BDAA}.Debug|Any CPU.ActiveCfg = Debug|Any CPU
		{6ABC57C5-AFA7-4702-BBE6-1C63C889BDAA}.Debug|Any CPU.Build.0 = Debug|Any CPU
		{6ABC57C5-AFA7-4702-BBE6-1C63C889BDAA}.Release|Any CPU.ActiveCfg = Release|Any CPU
		{6ABC57C5-AFA7-4702-BBE6-1C63C889BDAA}.Release|Any CPU.Build.0 = Release|Any CPU
	EndGlobalSection
	GlobalSection(SolutionProperties) = preSolution
		HideSolutionNode = FALSE
	EndGlobalSection
	GlobalSection(ExtensibilityGlobals) = postSolution
		SolutionGuid = {1983D04B-3C92-4B3B-8EE4-220F8E119912}
	EndGlobalSection
EndGlobal
